{
  "name": "kra-ai-native",
  "version": "0.1.0",
  "lockfileVersion": 3,
  "requires": true,
  "packages": {
    "": {
      "name": "kra-ai-native",
      "version": "0.1.0",
      "license": "MIT",
      "os": [
        "darwin",
        "linux"
      ],
      "bin": {
        "kra-ai-native": "bin/kra-ai-native.js"
      },
      "engines": {
        "node": ">=18"
      }
    }
  }
}
